// !$*UTF8*$!
{
	archiveVersion = 1;
	classes = {
	};
	objectVersion = 46;
	objects = {

/* Begin PBXBuildFile section */
		22A12B2B1C61D4C700B76C89 /* AppDelegate.swift in Sources */ = {isa = PBXBuildFile; fileRef = 22A12B2A1C61D4C700B76C89 /* AppDelegate.swift */; };
		22A12B2D1C61D4C700B76C89 /* ViewController.swift in Sources */ = {isa = PBXBuildFile; fileRef = 22A12B2C1C61D4C700B76C89 /* ViewController.swift */; };
		22A12B301C61D4C700B76C89 /* Main.storyboard in Resources */ = {isa = PBXBuildFile; fileRef = 22A12B2E1C61D4C700B76C89 /* Main.storyboard */; };
		22A12B321C61D4C700B76C89 /* Assets.xcassets in Resources */ = {isa = PBXBuildFile; fileRef = 22A12B311C61D4C700B76C89 /* Assets.xcassets */; };
		22A12B351C61D4C700B76C89 /* LaunchScreen.storyboard in Resources */ = {isa = PBXBuildFile; fileRef = 22A12B331C61D4C700B76C89 /* LaunchScreen.storyboard */; };
		22A12B3D1C61DAB700B76C89 /* Minecraft.ttf in Resources */ = {isa = PBXBuildFile; fileRef = 22A12B3C1C61DAB700B76C89 /* Minecraft.ttf */; };
		22A12B3F1C61DABE00B76C89 /* btn.wav in Resources */ = {isa = PBXBuildFile; fileRef = 22A12B3E1C61DABE00B76C89 /* btn.wav */; };
/* End PBXBuildFile section */

/* Begin PBXFileReference section */
		22A12B271C61D4C700B76C89 /* Calc.app */ = {isa = PBXFileReference; explicitFileType = wrapper.application; includeInIndex = 0; path = Calc.app; sourceTree = BUILT_PRODUCTS_DIR; };
		22A12B2A1C61D4C700B76C89 /* AppDelegate.swift */ = {isa = PBXFileReference; lastKnownFileType = sourcecode.swift; path = AppDelegate.swift; sourceTree = "<group>"; };
		22A12B2C1C61D4C700B76C89 /* ViewController.swift */ = {isa = PBXFileReference; lastKnownFileType = sourcecode.swift; path = ViewController.swift; sourceTree = "<group>"; };
		22A12B2F1C61D4C700B76C89 /* Base */ = {isa = PBXFileReference; lastKnownFileType = file.storyboard; name = Base; path = Base.lproj/Main.storyboard; sourceTree = "<group>"; };
		22A12B311C61D4C700B76C89 /* Assets.xcassets */ = {isa = PBXFileReference; lastKnownFileType = folder.assetcatalog; path = Assets.xcassets; sourceTree = "<group>"; };
		22A12B341C61D4C700B76C89 /* Base */ = {isa = PBXFileReference; lastKnownFileType = file.storyboard; name = Base; path = Base.lproj/LaunchScreen.storyboard; sourceTree = "<group>"; };
		22A12B361C61D4C700B76C89 /* Info.plist */ = {isa = PBXFileReference; lastKnownFileType = text.plist.xml; path = Info.plist; sourceTree = "<group>"; };
		22A12B3C1C61DAB700B76C89 /* Minecraft.ttf */ = {isa = PBXFileReference; lastKnownFileType = file; path = Minecraft.ttf; sourceTree = "<group>"; };
		22A12B3E1C61DABE00B76C89 /* btn.wav */ = {isa = PBXFileReference; lastKnownFileType = audio.wav; path = btn.wav; sourceTree = "<group>"; };
/* End PBXFileReference section */

/* Begin PBXFrameworksBuildPhase section */
		22A12B241C61D4C700B76C89 /* Frameworks */ = {
			isa = PBXFrameworksBuildPhase;
			buildActionMask = 2147483647;
			files = (
			);
			runOnlyForDeploymentPostprocessing = 0;
		};
/* End PBXFrameworksBuildPhase section */

/* Begin PBXGroup section */
		22A12B1E1C61D4C700B76C89 = {
			isa = PBXGroup;
			children = (
				22A12B291C61D4C700B76C89 /* Calc */,
				22A12B281C61D4C700B76C89 /* Products */,
				22A12B3C1C61DAB700B76C89 /* Minecraft.ttf */,
				22A12B3E1C61DABE00B76C89 /* btn.wav */,
			);
			sourceTree = "<group>";
		};
		22A12B281C61D4C700B76C89 /* Products */ = {
			isa = PBXGroup;
			children = (
				22A12B271C61D4C700B76C89 /* Calc.app */,
			);
			name = Products;
			sourceTree = "<group>";
		};
		22A12B291C61D4C700B76C89 /* Calc */ = {
			isa = PBXGroup;
			children = (
				22A12B2A1C61D4C700B76C89 /* AppDelegate.swift */,
				22A12B2C1C61D4C700B76C89 /* ViewController.swift */,
				22A12B2E1C61D4C700B76C89 /* Main.storyboard */,
				22A12B311C61D4C700B76C89 /* Assets.xcassets */,
				22A12B331C61D4C700B76C89 /* LaunchScreen.storyboard */,
				22A12B361C61D4C700B76C89 /* Info.plist */,
			);
			path = Calc;
			sourceTree = "<group>";
		};
/* End PBXGroup section */

/* Begin PBXNativeTarget section */
		22A12B261C61D4C700B76C89 /* Calc */ = {
			isa = PBXNativeTarget;
			buildConfigurationList = 22A12B391C61D4C700B76C89 /* Build configuration list for PBXNativeTarget "Calc" */;
			buildPhases = (
				22A12B231C61D4C700B76C89 /* Sources */,
				22A12B241C61D4C700B76C89 /* Frameworks */,
				22A12B251C61D4C700B76C89 /* Resources */,
			);
			buildRules = (
			);
			dependencies = (
			);
			name = Calc;
			productName = Calc;
			productReference = 22A12B271C61D4C700B76C89 /* Calc.app */;
			productType = "com.apple.product-type.application";
		};
/* End PBXNativeTarget section */

/* Begin PBXProject section */
		22A12B1F1C61D4C700B76C89 /* Project object */ = {
			isa = PBXProject;
			attributes = {
				LastSwiftUpdateCheck = 0720;
				LastUpgradeCheck = 0720;
				ORGANIZATIONNAME = "Henry Goodwin";
				TargetAttributes = {
					22A12B261C61D4C700B76C89 = {
						CreatedOnToolsVersion = 7.2;
						DevelopmentTeam = 389787V9YL;
					};
				};
			};
			buildConfigurationList = 22A12B221C61D4C700B76C89 /* Build configuration list for PBXProject "Calc" */;
			compatibilityVersion = "Xcode 3.2";
			developmentRegion = English;
			hasScannedForEncodings = 0;
			knownRegions = (
				en,
				Base,
			);
			mainGroup = 22A12B1E1C61D4C700B76C89;
			productRefGroup = 22A12B281C61D4C700B76C89 /* Products */;
			projectDirPath = "";
			projectRoot = "";
			targets = (
				22A12B261C61D4C700B76C89 /* Calc */,
			);
		};
/* End PBXProject section */

/* Begin PBXResourcesBuildPhase section */
		22A12B251C61D4C700B76C89 /* Resources */ = {
			isa = PBXResourcesBuildPhase;
			buildActionMask = 2147483647;
			files = (
				22A12B3F1C61DABE00B76C89 /* btn.wav in Resources */,
				22A12B351C61D4C700B76C89 /* LaunchScreen.storyboard in Resources */,
				22A12B321C61D4C700B76C89 /* Assets.xcassets in Resources */,
				22A12B3D1C61DAB700B76C89 /* Minecraft.ttf in Resources */,
				22A12B301C61D4C700B76C89 /* Main.storyboard in Resources */,
			);
			runOnlyForDeploymentPostprocessing = 0;
		};
/* End PBXResourcesBuildPhase section */

/* Begin PBXSourcesBuildPhase section */
		22A12B231C61D4C700B76C89 /* Sources */ = {
			isa = PBXSourcesBuildPhase;
			buildActionMask = 2147483647;
			files = (
				22A12B2D1C61D4C700B76C89 /* ViewController.swift in Sources */,
				22A12B2B1C61D4C700B76C89 /* AppDelegate.swift in Sources */,
			);
			runOnlyForDeploymentPostprocessing = 0;
		};
/* End PBXSourcesBuildPhase section */

/* Begin PBXVariantGroup section */
		22A12B2E1C61D4C700B76C89 /* Main.storyboard */ = {
			isa = PBXVariantGroup;
			children = (
				22A12B2F1C61D4C700B76C89 /* Base */,
			);
			name = Main.storyboard;
			sourceTree = "<group>";
		};
		22A12B331C61D4C700B76C89 /* LaunchScreen.storyboard */ = {
			isa = PBXVariantGroup;
			children = (
				22A12B341C61D4C700B76C89 /* Base */,
			);
			name = LaunchScreen.storyboard;
			sourceTree = "<group>";
		};
/* End PBXVariantGroup section */

/* Begin XCBuildConfiguration section */
		22A12B371C61D4C700B76C89 /* Debug */ = {
			isa = XCBuildConfiguration;
			buildSettings = {
				ALWAYS_SEARCH_USER_PATHS = NO;
				CLANG_CXX_LANGUAGE_STANDARD = "gnu++0x";
				CLANG_CXX_LIBRARY = "libc++";
				CLANG_ENABLE_MODULES = YES;
				CLANG_ENABLE_OBJC_ARC = YES;
				CLANG_WARN_BOOL_CONVERSION = YES;
				CLANG_WARN_CONSTANT_CONVERSION = YES;
				CLANG_WARN_DIRECT_OBJC_ISA_USAGE = YES_ERROR;
				CLANG_WARN_EMPTY_BODY = YES;
				CLANG_WARN_ENUM_CONVERSION = YES;
				CLANG_WARN_INT_CONVERSION = YES;
				CLANG_WARN_OBJC_ROOT_CLASS = YES_ERROR;
				CLANG_WARN_UNREACHABLE_CODE = YES;
				CLANG_WARN__DUPLICATE_METHOD_MATCH = YES;
				"CODE_SIGN_IDENTITY[sdk=iphoneos*]" = "iPhone Developer";
				COPY_PHASE_STRIP = NO;
				DEBUG_INFORMATION_FORMAT = dwarf;
				ENABLE_STRICT_OBJC_MSGSEND = YES;
				ENABLE_TESTABILITY = YES;
				GCC_C_LANGUAGE_STANDARD = gnu99;
				GCC_DYNAMIC_NO_PIC = NO;
				GCC_NO_COMMON_BLOCKS = YES;
				GCC_OPTIMIZATION_LEVEL = 0;
				GCC_PREPROCESSOR_DEFINITIONS = (
					"DEBUG=1",
					"$(inherited)",
				);
				GCC_WARN_64_TO_32_BIT_CONVERSION = YES;
				GCC_WARN_ABOUT_RETURN_TYPE = YES_ERROR;
				GCC_WARN_UNDECLARED_SELECTOR = YES;
				GCC_WARN_UNINITIALIZED_AUTOS = YES_AGGRESSIVE;
				GCC_WARN_UNUSED_FUNCTION = YES;
				GCC_WARN_UNUSED_VARIABLE = YES;
				IPHONEOS_DEPLOYMENT_TARGET = 9.2;
				MTL_ENABLE_DEBUG_INFO = YES;
				ONLY_ACTIVE_ARCH = YES;
				SDKROOT = iphoneos;
				SWIFT_OPTIMIZATION_LEVEL = "-Onone";
			};
			name = Debug;
		};
		22A12B381C61D4C700B76C89 /* Release */ = {
			isa = XCBuildConfiguration;
			buildSettings = {
				ALWAYS_SEARCH_USER_PATHS = NO;
				CLANG_CXX_LANGUAGE_STANDARD = "gnu++0x";
				CLANG_CXX_LIBRARY = "libc++";
				CLANG_ENABLE_MODULES = YES;
				CLANG_ENABLE_OBJC_ARC = YES;
				CLANG_WARN_BOOL_CONVERSION = YES;
				CLANG_WARN_CONSTANT_CONVERSION = YES;
				CLANG_WARN_DIRECT_OBJC_ISA_USAGE = YES_ERROR;
				CLANG_WARN_EMPTY_BODY = YES;
				CLANG_WARN_ENUM_CONVERSION = YES;
				CLANG_WARN_INT_CONVERSION = YES;
				CLANG_WARN_OBJC_ROOT_CLASS = YES_ERROR;
				CLANG_WARN_UNREACHABLE_CODE = YES;
				CLANG_WARN__DUPLICATE_METHOD_MATCH = YES;
				"CODE_SIGN_IDENTITY[sdk=iphoneos*]" = "iPhone Developer";
				COPY_PHASE_STRIP = NO;
				DEBUG_INFORMATION_FORMAT = "dwarf-with-dsym";
				ENABLE_NS_ASSERTIONS = NO;
				ENABLE_STRICT_OBJC_MSGSEND = YES;
				GCC_C_LANGUAGE_STANDARD = gnu99;
				GCC_NO_COMMON_BLOCKS = YES;
				GCC_WARN_64_TO_32_BIT_CONVERSION = YES;
				GCC_WARN_ABOUT_RETURN_TYPE = YES_ERROR;
				GCC_WARN_UNDECLARED_SELECTOR = YES;
				GCC_WARN_UNINITIALIZED_AUTOS = YES_AGGRESSIVE;
				GCC_WARN_UNUSED_FUNCTION = YES;
				GCC_WARN_UNUSED_VARIABLE = YES;
				IPHONEOS_DEPLOYMENT_TARGET = 9.2;
				MTL_ENABLE_DEBUG_INFO = NO;
				SDKROOT = iphoneos;
				VALIDATE_PRODUCT = YES;
			};
			name = Release;
		};
		22A12B3A1C61D4C700B76C89 /* Debug */ = {
			isa = XCBuildConfiguration;
			buildSettings = {
				ASSETCATALOG_COMPILER_APPICON_NAME = AppIcon;
				INFOPLIST_FILE = Calc/Info.plist;
				LD_RUNPATH_SEARCH_PATHS = "$(inherited) @executable_path/Frameworks";
				PRODUCT_BUNDLE_IDENTIFIER = "Henry-Goodwin.Calc";
				PRODUCT_NAME = "$(TARGET_NAME)";
			};
			name = Debug;
		};
		22A12B3B1C61D4C700B76C89 /* Release */ = {
			isa = XCBuildConfiguration;
			buildSettings = {
				ASSETCATALOG_COMPILER_APPICON_NAME = AppIcon;
				INFOPLIST_FILE = Calc/Info.plist;
				LD_RUNPATH_SEARCH_PATHS = "$(inherited) @executable_path/Frameworks";
				PRODUCT_BUNDLE_IDENTIFIER = "Henry-Goodwin.Calc";
				PRODUCT_NAME = "$(TARGET_NAME)";
			};
			name = Release;
		};
/* End XCBuildConfiguration section */

/* Begin XCConfigurationList section */
		22A12B221C61D4C700B76C89 /* Build configuration list for PBXProject "Calc" */ = {
			isa = XCConfigurationList;
			buildConfigurations = (
				22A12B371C61D4C700B76C89 /* Debug */,
				22A12B381C61D4C700B76C89 /* Release */,
			);
			defaultConfigurationIsVisible = 0;
			defaultConfigurationName = Release;
		};
		22A12B391C61D4C700B76C89 /* Build configuration list for PBXNativeTarget "Calc" */ = {
			isa = XCConfigurationList;
			buildConfigurations = (
				22A12B3A1C61D4C700B76C89 /* Debug */,
				22A12B3B1C61D4C700B76C89 /* Release */,
			);
			defaultConfigurationIsVisible = 0;
		};
/* End XCConfigurationList section */
	};
	rootObject = 22A12B1F1C61D4C700B76C89 /* Project object */;
}
